
Microsoft Visual Studio Solution File, Format Version 12.00
# Visual Studio 15
VisualStudioVersion = 15.0.28307.421
MinimumVisualStudioVersion = 10.0.40219.1
Project("{FAE04EC0-301F-11D3-BF4B-00C04F79EFBC}") = "ReiLeilaoCore", "ReiLeilaoCore\ReiLeilaoCore.csproj", "{EBD674F4-8611-4C0E-8E4C-37AA8A883725}"
EndProject
Global
	GlobalSection(SolutionConfigurationPlatforms) = preSolution
		Debug|Any CPU = Debug|Any CPU
		Release|Any CPU = Release|Any CPU
	EndGlobalSection
	GlobalSection(ProjectConfigurationPlatforms) = postSolution
		{EBD674F4-8611-4C0E-8E4C-37AA8A883725}.Debug|Any CPU.ActiveCfg = Debug|Any CPU
		{EBD674F4-8611-4C0E-8E4C-37AA8A883725}.Debug|Any CPU.Build.0 = Debug|Any CPU
		{EBD674F4-8611-4C0E-8E4C-37AA8A883725}.Release|Any CPU.ActiveCfg = Release|Any CPU
		{EBD674F4-8611-4C0E-8E4C-37AA8A883725}.Release|Any CPU.Build.0 = Release|Any CPU
	EndGlobalSection
	GlobalSection(SolutionProperties) = preSolution
		HideSolutionNode = FALSE
	EndGlobalSection
	GlobalSection(ExtensibilityGlobals) = postSolution
		SolutionGuid = {9AB69047-9E01-40E2-A4CE-5888A8726417}
	EndGlobalSection
EndGlobal
